
Microsoft Visual Studio Solution File, Format Version 11.00
# Visual Studio 2010
Project("{FAE04EC0-301F-11D3-BF4B-00C04F79EFBC}") = "WSCDental", "WSCDental\WSCDental.csproj", "{200387E6-38C6-4B77-B864-9A199E2432D1}"
EndProject
Project("{FAE04EC0-301F-11D3-BF4B-00C04F79EFBC}") = "ElementosBD", "ElementosBD\ElementosBD.csproj", "{199D6DF1-754F-4F39-BFAF-1E27827E49B7}"
EndProject
Global
	GlobalSection(SolutionConfigurationPlatforms) = preSolution
		Debug|Any CPU = Debug|Any CPU
		Release|Any CPU = Release|Any CPU
	EndGlobalSection
	GlobalSection(ProjectConfigurationPlatforms) = postSolution
		{200387E6-38C6-4B77-B864-9A199E2432D1}.Debug|Any CPU.ActiveCfg = Debug|Any CPU
		{200387E6-38C6-4B77-B864-9A199E2432D1}.Debug|Any CPU.Build.0 = Debug|Any CPU
		{200387E6-38C6-4B77-B864-9A199E2432D1}.Release|Any CPU.ActiveCfg = Release|Any CPU
		{200387E6-38C6-4B77-B864-9A199E2432D1}.Release|Any CPU.Build.0 = Release|Any CPU
		{199D6DF1-754F-4F39-BFAF-1E27827E49B7}.Debug|Any CPU.ActiveCfg = Debug|Any CPU
		{199D6DF1-754F-4F39-BFAF-1E27827E49B7}.Debug|Any CPU.Build.0 = Debug|Any CPU
		{199D6DF1-754F-4F39-BFAF-1E27827E49B7}.Release|Any CPU.ActiveCfg = Release|Any CPU
		{199D6DF1-754F-4F39-BFAF-1E27827E49B7}.Release|Any CPU.Build.0 = Release|Any CPU
	EndGlobalSection
	GlobalSection(SolutionProperties) = preSolution
		HideSolutionNode = FALSE
	EndGlobalSection
EndGlobal
